
Microsoft Visual Studio Solution File, Format Version 12.00
# Visual Studio 15
VisualStudioVersion = 15.0.28010.2036
MinimumVisualStudioVersion = 10.0.40219.1
Project("{FAE04EC0-301F-11D3-BF4B-00C04F79EFBC}") = "AbpTools", "src\AbpTools\AbpTools.csproj", "{579A89B4-6AB6-46E9-BE84-6536CD2AEA8C}"
EndProject
Global
	GlobalSection(SolutionConfigurationPlatforms) = preSolution
		Debug|Any CPU = Debug|Any CPU
		Release|Any CPU = Release|Any CPU
	EndGlobalSection
	GlobalSection(ProjectConfigurationPlatforms) = postSolution
		{579A89B4-6AB6-46E9-BE84-6536CD2AEA8C}.Debug|Any CPU.ActiveCfg = Debug|Any CPU
		{579A89B4-6AB6-46E9-BE84-6536CD2AEA8C}.Debug|Any CPU.Build.0 = Debug|Any CPU
		{579A89B4-6AB6-46E9-BE84-6536CD2AEA8C}.Release|Any CPU.ActiveCfg = Release|Any CPU
		{579A89B4-6AB6-46E9-BE84-6536CD2AEA8C}.Release|Any CPU.Build.0 = Release|Any CPU
	EndGlobalSection
	GlobalSection(SolutionProperties) = preSolution
		HideSolutionNode = FALSE
	EndGlobalSection
	GlobalSection(ExtensibilityGlobals) = postSolution
		SolutionGuid = {6793F557-9854-4BB9-9D38-C1969BAF5BBE}
	EndGlobalSection
EndGlobal
